
Microsoft Visual Studio Solution File, Format Version 12.00
# Visual Studio 14
VisualStudioVersion = 14.0.25420.1
MinimumVisualStudioVersion = 10.0.40219.1
Project("{FAE04EC0-301F-11D3-BF4B-00C04F79EFBC}") = "CSharpTutorial1", "CSharpTutorial1\CSharpTutorial1.csproj", "{A3C3FCF1-0AA3-43B1-A7ED-3D02F7A0C4AE}"
EndProject
Project("{FAE04EC0-301F-11D3-BF4B-00C04F79EFBC}") = "CSharpTutorial2", "CSharpTutorial2\CSharpTutorial2.csproj", "{1DC50BB8-C121-4747-8430-C0D51FCBBC1D}"
EndProject
Project("{FAE04EC0-301F-11D3-BF4B-00C04F79EFBC}") = "CSharpTutorial3", "CSharpTutorial3\CSharpTutorial3.csproj", "{EB77E0FC-859F-4165-82CB-5EE5293D02B1}"
EndProject
Global
	GlobalSection(SolutionConfigurationPlatforms) = preSolution
		Debug|Any CPU = Debug|Any CPU
		Release|Any CPU = Release|Any CPU
	EndGlobalSection
	GlobalSection(ProjectConfigurationPlatforms) = postSolution
		{A3C3FCF1-0AA3-43B1-A7ED-3D02F7A0C4AE}.Debug|Any CPU.ActiveCfg = Debug|Any CPU
		{A3C3FCF1-0AA3-43B1-A7ED-3D02F7A0C4AE}.Debug|Any CPU.Build.0 = Debug|Any CPU
		{A3C3FCF1-0AA3-43B1-A7ED-3D02F7A0C4AE}.Release|Any CPU.ActiveCfg = Release|Any CPU
		{A3C3FCF1-0AA3-43B1-A7ED-3D02F7A0C4AE}.Release|Any CPU.Build.0 = Release|Any CPU
		{1DC50BB8-C121-4747-8430-C0D51FCBBC1D}.Debug|Any CPU.ActiveCfg = Debug|Any CPU
		{1DC50BB8-C121-4747-8430-C0D51FCBBC1D}.Debug|Any CPU.Build.0 = Debug|Any CPU
		{1DC50BB8-C121-4747-8430-C0D51FCBBC1D}.Release|Any CPU.ActiveCfg = Release|Any CPU
		{1DC50BB8-C121-4747-8430-C0D51FCBBC1D}.Release|Any CPU.Build.0 = Release|Any CPU
		{EB77E0FC-859F-4165-82CB-5EE5293D02B1}.Debug|Any CPU.ActiveCfg = Debug|Any CPU
		{EB77E0FC-859F-4165-82CB-5EE5293D02B1}.Debug|Any CPU.Build.0 = Debug|Any CPU
		{EB77E0FC-859F-4165-82CB-5EE5293D02B1}.Release|Any CPU.ActiveCfg = Release|Any CPU
		{EB77E0FC-859F-4165-82CB-5EE5293D02B1}.Release|Any CPU.Build.0 = Release|Any CPU
	EndGlobalSection
	GlobalSection(SolutionProperties) = preSolution
		HideSolutionNode = FALSE
	EndGlobalSection
EndGlobal
