
Microsoft Visual Studio Solution File, Format Version 12.00
# Visual Studio 14
VisualStudioVersion = 14.0.25420.1
MinimumVisualStudioVersion = 10.0.40219.1
Project("{FAE04EC0-301F-11D3-BF4B-00C04F79EFBC}") = "CSharpTutorial01", "CSharpTutorial1\CSharpTutorial01.csproj", "{A3C3FCF1-0AA3-43B1-A7ED-3D02F7A0C4AE}"
EndProject
Project("{FAE04EC0-301F-11D3-BF4B-00C04F79EFBC}") = "CSharpTutorial02", "CSharpTutorial2\CSharpTutorial02.csproj", "{1DC50BB8-C121-4747-8430-C0D51FCBBC1D}"
EndProject
Project("{FAE04EC0-301F-11D3-BF4B-00C04F79EFBC}") = "CSharpTutorial03", "CSharpTutorial3\CSharpTutorial03.csproj", "{EB77E0FC-859F-4165-82CB-5EE5293D02B1}"
EndProject
Project("{FAE04EC0-301F-11D3-BF4B-00C04F79EFBC}") = "CSharpTutorial04", "CSharpTutorial4\CSharpTutorial04.csproj", "{99180AE3-B3FA-44A9-99FF-C2721E14BEFD}"
EndProject
Project("{FAE04EC0-301F-11D3-BF4B-00C04F79EFBC}") = "CSharpTutorial05", "CSharpTutorial5\CSharpTutorial05.csproj", "{5CFD53C4-2BFD-41E8-B4A7-585F9243B2EC}"
EndProject
Project("{FAE04EC0-301F-11D3-BF4B-00C04F79EFBC}") = "CSharpTutorial06", "CSharpTutorial6\CSharpTutorial06.csproj", "{97DC3FA7-AF45-43B5-94A6-6039C6FB8281}"
EndProject
Project("{FAE04EC0-301F-11D3-BF4B-00C04F79EFBC}") = "CSharpTutorial07", "CSharpTutorial7\CSharpTutorial07.csproj", "{65AF0C23-053E-4B69-B81E-37851FB936EA}"
EndProject
Project("{FAE04EC0-301F-11D3-BF4B-00C04F79EFBC}") = "CSharpTutorial08", "CSharpTutorial8\CSharpTutorial08.csproj", "{6397FCEB-6B8D-40C4-BAE6-7B5FC0BFC717}"
EndProject
Project("{FAE04EC0-301F-11D3-BF4B-00C04F79EFBC}") = "CSharpTutorial09", "CSharpTutorial9\CSharpTutorial09.csproj", "{96D17AFA-EE49-4F85-AF50-18420D591D28}"
EndProject
Project("{FAE04EC0-301F-11D3-BF4B-00C04F79EFBC}") = "CSharpTutorial10", "CSharpTutorial10\CSharpTutorial10.csproj", "{88860149-C8F3-4952-889F-BB67933F8D77}"
EndProject
Project("{FAE04EC0-301F-11D3-BF4B-00C04F79EFBC}") = "CSharpTutorial11", "CSharpTutorial11\CSharpTutorial11.csproj", "{098512FC-751C-464F-A631-D8BFE495115B}"
EndProject
Project("{FAE04EC0-301F-11D3-BF4B-00C04F79EFBC}") = "CSharpTutorial12", "CSharpTutorial12\CSharpTutorial12.csproj", "{C91163CD-DC50-4863-9B14-D7380241840D}"
EndProject
Project("{FAE04EC0-301F-11D3-BF4B-00C04F79EFBC}") = "CSharpTutorial13", "CSharpTutorial13\CSharpTutorial13.csproj", "{AFCEDCB6-5B91-49C7-B4D1-FE85B8E07F51}"
EndProject
Global
	GlobalSection(SolutionConfigurationPlatforms) = preSolution
		Debug|Any CPU = Debug|Any CPU
		Release|Any CPU = Release|Any CPU
	EndGlobalSection
	GlobalSection(ProjectConfigurationPlatforms) = postSolution
		{A3C3FCF1-0AA3-43B1-A7ED-3D02F7A0C4AE}.Debug|Any CPU.ActiveCfg = Debug|Any CPU
		{A3C3FCF1-0AA3-43B1-A7ED-3D02F7A0C4AE}.Debug|Any CPU.Build.0 = Debug|Any CPU
		{A3C3FCF1-0AA3-43B1-A7ED-3D02F7A0C4AE}.Release|Any CPU.ActiveCfg = Release|Any CPU
		{A3C3FCF1-0AA3-43B1-A7ED-3D02F7A0C4AE}.Release|Any CPU.Build.0 = Release|Any CPU
		{1DC50BB8-C121-4747-8430-C0D51FCBBC1D}.Debug|Any CPU.ActiveCfg = Debug|Any CPU
		{1DC50BB8-C121-4747-8430-C0D51FCBBC1D}.Debug|Any CPU.Build.0 = Debug|Any CPU
		{1DC50BB8-C121-4747-8430-C0D51FCBBC1D}.Release|Any CPU.ActiveCfg = Release|Any CPU
		{1DC50BB8-C121-4747-8430-C0D51FCBBC1D}.Release|Any CPU.Build.0 = Release|Any CPU
		{EB77E0FC-859F-4165-82CB-5EE5293D02B1}.Debug|Any CPU.ActiveCfg = Debug|Any CPU
		{EB77E0FC-859F-4165-82CB-5EE5293D02B1}.Debug|Any CPU.Build.0 = Debug|Any CPU
		{EB77E0FC-859F-4165-82CB-5EE5293D02B1}.Release|Any CPU.ActiveCfg = Release|Any CPU
		{EB77E0FC-859F-4165-82CB-5EE5293D02B1}.Release|Any CPU.Build.0 = Release|Any CPU
		{99180AE3-B3FA-44A9-99FF-C2721E14BEFD}.Debug|Any CPU.ActiveCfg = Debug|Any CPU
		{99180AE3-B3FA-44A9-99FF-C2721E14BEFD}.Debug|Any CPU.Build.0 = Debug|Any CPU
		{99180AE3-B3FA-44A9-99FF-C2721E14BEFD}.Release|Any CPU.ActiveCfg = Release|Any CPU
		{99180AE3-B3FA-44A9-99FF-C2721E14BEFD}.Release|Any CPU.Build.0 = Release|Any CPU
		{5CFD53C4-2BFD-41E8-B4A7-585F9243B2EC}.Debug|Any CPU.ActiveCfg = Debug|Any CPU
		{5CFD53C4-2BFD-41E8-B4A7-585F9243B2EC}.Debug|Any CPU.Build.0 = Debug|Any CPU
		{5CFD53C4-2BFD-41E8-B4A7-585F9243B2EC}.Release|Any CPU.ActiveCfg = Release|Any CPU
		{5CFD53C4-2BFD-41E8-B4A7-585F9243B2EC}.Release|Any CPU.Build.0 = Release|Any CPU
		{97DC3FA7-AF45-43B5-94A6-6039C6FB8281}.Debug|Any CPU.ActiveCfg = Debug|Any CPU
		{97DC3FA7-AF45-43B5-94A6-6039C6FB8281}.Debug|Any CPU.Build.0 = Debug|Any CPU
		{97DC3FA7-AF45-43B5-94A6-6039C6FB8281}.Release|Any CPU.ActiveCfg = Release|Any CPU
		{97DC3FA7-AF45-43B5-94A6-6039C6FB8281}.Release|Any CPU.Build.0 = Release|Any CPU
		{65AF0C23-053E-4B69-B81E-37851FB936EA}.Debug|Any CPU.ActiveCfg = Debug|Any CPU
		{65AF0C23-053E-4B69-B81E-37851FB936EA}.Debug|Any CPU.Build.0 = Debug|Any CPU
		{65AF0C23-053E-4B69-B81E-37851FB936EA}.Release|Any CPU.ActiveCfg = Release|Any CPU
		{65AF0C23-053E-4B69-B81E-37851FB936EA}.Release|Any CPU.Build.0 = Release|Any CPU
		{6397FCEB-6B8D-40C4-BAE6-7B5FC0BFC717}.Debug|Any CPU.ActiveCfg = Debug|Any CPU
		{6397FCEB-6B8D-40C4-BAE6-7B5FC0BFC717}.Debug|Any CPU.Build.0 = Debug|Any CPU
		{6397FCEB-6B8D-40C4-BAE6-7B5FC0BFC717}.Release|Any CPU.ActiveCfg = Release|Any CPU
		{6397FCEB-6B8D-40C4-BAE6-7B5FC0BFC717}.Release|Any CPU.Build.0 = Release|Any CPU
		{96D17AFA-EE49-4F85-AF50-18420D591D28}.Debug|Any CPU.ActiveCfg = Debug|Any CPU
		{96D17AFA-EE49-4F85-AF50-18420D591D28}.Debug|Any CPU.Build.0 = Debug|Any CPU
		{96D17AFA-EE49-4F85-AF50-18420D591D28}.Release|Any CPU.ActiveCfg = Release|Any CPU
		{96D17AFA-EE49-4F85-AF50-18420D591D28}.Release|Any CPU.Build.0 = Release|Any CPU
		{88860149-C8F3-4952-889F-BB67933F8D77}.Debug|Any CPU.ActiveCfg = Debug|Any CPU
		{88860149-C8F3-4952-889F-BB67933F8D77}.Debug|Any CPU.Build.0 = Debug|Any CPU
		{88860149-C8F3-4952-889F-BB67933F8D77}.Release|Any CPU.ActiveCfg = Release|Any CPU
		{88860149-C8F3-4952-889F-BB67933F8D77}.Release|Any CPU.Build.0 = Release|Any CPU
		{098512FC-751C-464F-A631-D8BFE495115B}.Debug|Any CPU.ActiveCfg = Debug|Any CPU
		{098512FC-751C-464F-A631-D8BFE495115B}.Debug|Any CPU.Build.0 = Debug|Any CPU
		{098512FC-751C-464F-A631-D8BFE495115B}.Release|Any CPU.ActiveCfg = Release|Any CPU
		{098512FC-751C-464F-A631-D8BFE495115B}.Release|Any CPU.Build.0 = Release|Any CPU
		{C91163CD-DC50-4863-9B14-D7380241840D}.Debug|Any CPU.ActiveCfg = Debug|Any CPU
		{C91163CD-DC50-4863-9B14-D7380241840D}.Debug|Any CPU.Build.0 = Debug|Any CPU
		{C91163CD-DC50-4863-9B14-D7380241840D}.Release|Any CPU.ActiveCfg = Release|Any CPU
		{C91163CD-DC50-4863-9B14-D7380241840D}.Release|Any CPU.Build.0 = Release|Any CPU
		{AFCEDCB6-5B91-49C7-B4D1-FE85B8E07F51}.Debug|Any CPU.ActiveCfg = Debug|Any CPU
		{AFCEDCB6-5B91-49C7-B4D1-FE85B8E07F51}.Debug|Any CPU.Build.0 = Debug|Any CPU
		{AFCEDCB6-5B91-49C7-B4D1-FE85B8E07F51}.Release|Any CPU.ActiveCfg = Release|Any CPU
		{AFCEDCB6-5B91-49C7-B4D1-FE85B8E07F51}.Release|Any CPU.Build.0 = Release|Any CPU
	EndGlobalSection
	GlobalSection(SolutionProperties) = preSolution
		HideSolutionNode = FALSE
	EndGlobalSection
EndGlobal
